
Microsoft Visual Studio Solution File, Format Version 12.00
# Visual Studio Version 16
VisualStudioVersion = 16.0.31911.196
MinimumVisualStudioVersion = 10.0.40219.1
Project("{9A19103F-16F7-4668-BE54-9A1E7A4F7556}") = "Calculator", "Calculator\Calculator.csproj", "{DBC015C4-9346-4D7D-B2DB-7A71D873013E}"
EndProject
Project("{FAE04EC0-301F-11D3-BF4B-00C04F79EFBC}") = "Calculator.TestProject", "Calculator.TestProject\Calculator.TestProject.csproj", "{29FC5E26-BAF9-4383-9380-159CD1A78F34}"
EndProject
Global
	GlobalSection(SolutionConfigurationPlatforms) = preSolution
		Debug|Any CPU = Debug|Any CPU
		Release|Any CPU = Release|Any CPU
	EndGlobalSection
	GlobalSection(ProjectConfigurationPlatforms) = postSolution
		{DBC015C4-9346-4D7D-B2DB-7A71D873013E}.Debug|Any CPU.ActiveCfg = Debug|Any CPU
		{DBC015C4-9346-4D7D-B2DB-7A71D873013E}.Debug|Any CPU.Build.0 = Debug|Any CPU
		{DBC015C4-9346-4D7D-B2DB-7A71D873013E}.Release|Any CPU.ActiveCfg = Release|Any CPU
		{DBC015C4-9346-4D7D-B2DB-7A71D873013E}.Release|Any CPU.Build.0 = Release|Any CPU
		{29FC5E26-BAF9-4383-9380-159CD1A78F34}.Debug|Any CPU.ActiveCfg = Debug|Any CPU
		{29FC5E26-BAF9-4383-9380-159CD1A78F34}.Debug|Any CPU.Build.0 = Debug|Any CPU
		{29FC5E26-BAF9-4383-9380-159CD1A78F34}.Release|Any CPU.ActiveCfg = Release|Any CPU
		{29FC5E26-BAF9-4383-9380-159CD1A78F34}.Release|Any CPU.Build.0 = Release|Any CPU
	EndGlobalSection
	GlobalSection(SolutionProperties) = preSolution
		HideSolutionNode = FALSE
	EndGlobalSection
	GlobalSection(ExtensibilityGlobals) = postSolution
		SolutionGuid = {F7250CF1-18B2-4E82-8572-579585F5CD17}
	EndGlobalSection
EndGlobal
